<?xml version="1.0" encoding="utf-8"?>
<Project ToolsVersion="4.0" xmlns="http://schemas.microsoft.com/developer/msbuild/2003">
  <ItemGroup>
    <Filter Include="Arquivos de Origem">
      <UniqueIdentifier>{4FC737F1-C7A5-4376-A066-2A32D752A2FF}</UniqueIdentifier>
      <Extensions>cpp;c;cc;cxx;c++;cppm;ixx;def;odl;idl;hpj;bat;asm;asmx</Extensions>
    </Filter>
    <Filter Include="Arquivos de Cabeçalho">
      <UniqueIdentifier>{93995380-89BD-4b04-88EB-625FBE52EBFB}</UniqueIdentifier>
      <Extensions>h;hh;hpp;hxx;h++;hm;inl;inc;ipp;xsd</Extensions>
    </Filter>
    <Filter Include="Arquivos de Recurso">
      <UniqueIdentifier>{67DA6AB6-F800-4c08-8B7A-83BB121AAD01}</UniqueIdentifier>
      <Extensions>rc;ico;cur;bmp;dlg;rc2;rct;bin;rgs;gif;jpg;jpeg;jpe;resx;tiff;tif;png;wav;mfcribbon-ms</Extensions>
    </Filter>
    <Filter Include="Arquivos de Cabeçalho\Control">
      <UniqueIdentifier>{f1bc4662-dad1-4455-956e-191b9b2e388a}</UniqueIdentifier>
    </Filter>
    <Filter Include="Arquivos de Cabeçalho\SQL">
      <UniqueIdentifier>{c2996f17-f4db-4057-b5a9-db921792b247}</UniqueIdentifier>
    </Filter>
  </ItemGroup>
  <ItemGroup>
    <ClInclude Include="framework.h">
      <Filter>Arquivos de Cabeçalho</Filter>
    </ClInclude>
    <ClInclude Include="Resource.h">
      <Filter>Arquivos de Cabeçalho</Filter>
    </ClInclude>
    <ClInclude Include="WindowApp1.h">
      <Filter>Arquivos de Cabeçalho</Filter>
    </ClInclude>
    <ClInclude Include="Control\AnyButton.h">
      <Filter>Arquivos de Cabeçalho\Control</Filter>
    </ClInclude>
    <ClInclude Include="Control\Button.h">
      <Filter>Arquivos de Cabeçalho\Control</Filter>
    </ClInclude>
    <ClInclude Include="Control\ComboBox.h">
      <Filter>Arquivos de Cabeçalho\Control</Filter>
    </ClInclude>
    <ClInclude Include="Control\EditBox.h">
      <Filter>Arquivos de Cabeçalho\Control</Filter>
    </ClInclude>
    <ClInclude Include="Control\ImageListManager.h">
      <Filter>Arquivos de Cabeçalho\Control</Filter>
    </ClInclude>
    <ClInclude Include="Control\Label.h">
      <Filter>Arquivos de Cabeçalho\Control</Filter>
    </ClInclude>
    <ClInclude Include="Control\ListView.h">
      <Filter>Arquivos de Cabeçalho\Control</Filter>
    </ClInclude>
    <ClInclude Include="Control\MonthCalendar.h">
      <Filter>Arquivos de Cabeçalho\Control</Filter>
    </ClInclude>
    <ClInclude Include="Control\Panel.h">
      <Filter>Arquivos de Cabeçalho\Control</Filter>
    </ClInclude>
    <ClInclude Include="Control\Tab.h">
      <Filter>Arquivos de Cabeçalho\Control</Filter>
    </ClInclude>
    <ClInclude Include="Control\Tooltip.h">
      <Filter>Arquivos de Cabeçalho\Control</Filter>
    </ClInclude>
    <ClInclude Include="Control\UpDownControl.h">
      <Filter>Arquivos de Cabeçalho\Control</Filter>
    </ClInclude>
    <ClInclude Include="targetver.h">
      <Filter>Arquivos de Cabeçalho</Filter>
    </ClInclude>
    <ClInclude Include="SQL\sqlite3.h">
      <Filter>Arquivos de Cabeçalho\SQL</Filter>
    </ClInclude>
    <ClInclude Include="Delay.h">
      <Filter>Arquivos de Cabeçalho</Filter>
    </ClInclude>
    <ClInclude Include="Functions.h">
      <Filter>Arquivos de Cabeçalho</Filter>
    </ClInclude>
  </ItemGroup>
  <ItemGroup>
    <ClCompile Include="WindowApp1.cpp">
      <Filter>Arquivos de Origem</Filter>
    </ClCompile>
    <ClCompile Include="Functions.cpp">
      <Filter>Arquivos de Origem</Filter>
    </ClCompile>
    <ClCompile Include="SQL\shell.c">
      <Filter>Arquivos de Origem</Filter>
    </ClCompile>
    <ClCompile Include="SQL\sqlite3.c">
      <Filter>Arquivos de Origem</Filter>
    </ClCompile>
  </ItemGroup>
  <ItemGroup>
    <ResourceCompile Include="WindowApp1.rc">
      <Filter>Arquivos de Recurso</Filter>
    </ResourceCompile>
  </ItemGroup>
  <ItemGroup>
    <Image Include="small.ico">
      <Filter>Arquivos de Recurso</Filter>
    </Image>
    <Image Include="WindowApp1.ico">
      <Filter>Arquivos de Recurso</Filter>
    </Image>
  </ItemGroup>
</Project>